
Microsoft Visual Studio Solution File, Format Version 12.00
# Visual Studio 15
VisualStudioVersion = 15.0.28307.136
MinimumVisualStudioVersion = 10.0.40219.1
Project("{FAE04EC0-301F-11D3-BF4B-00C04F79EFBC}") = "DAQuanLyNV_EF", "DAQuanLyNV_EF\DAQuanLyNV_EF.csproj", "{3A56A35E-C353-44BF-BD61-8CCB055530DA}"
EndProject
Global
	GlobalSection(SolutionConfigurationPlatforms) = preSolution
		Debug|Any CPU = Debug|Any CPU
		Release|Any CPU = Release|Any CPU
	EndGlobalSection
	GlobalSection(ProjectConfigurationPlatforms) = postSolution
		{3A56A35E-C353-44BF-BD61-8CCB055530DA}.Debug|Any CPU.ActiveCfg = Debug|Any CPU
		{3A56A35E-C353-44BF-BD61-8CCB055530DA}.Debug|Any CPU.Build.0 = Debug|Any CPU
		{3A56A35E-C353-44BF-BD61-8CCB055530DA}.Release|Any CPU.ActiveCfg = Release|Any CPU
		{3A56A35E-C353-44BF-BD61-8CCB055530DA}.Release|Any CPU.Build.0 = Release|Any CPU
	EndGlobalSection
	GlobalSection(SolutionProperties) = preSolution
		HideSolutionNode = FALSE
	EndGlobalSection
	GlobalSection(ExtensibilityGlobals) = postSolution
		SolutionGuid = {A59E84B3-1C3F-44FF-B488-A41272D3808C}
	EndGlobalSection
EndGlobal
